{
  "name": "aws-lambda-pagerduty",
  "version": "0.0.0",
  "lockfileVersion": 1,
  "requires": true,
  "dependencies": {
    "pagerduty": {
      "version": "0.0.3",
      "resolved": "https://registry.npmjs.org/pagerduty/-/pagerduty-0.0.3.tgz",
      "integrity": "sha1-PMnL26l7iJxZOABS7ElsUa9s6p0=",
      "requires": {
        "request": "~2.9.3"
      }
    },
    "request": {
      "version": "2.9.203",
      "resolved": "http://registry.npmjs.org/request/-/request-2.9.203.tgz",
      "integrity": "sha1-bBcRpUB/uUoRQhlWPkQUW8v0cjo="
    }
  }
}
